PODS:
  - immersive-reader-sdk (1.0.0)

DEPENDENCIES:
  - immersive-reader-sdk (from `../../immersive-reader-sdk`)

EXTERNAL SOURCES:
  immersive-reader-sdk:
    :path: "../../immersive-reader-sdk"

SPEC CHECKSUMS:
  immersive-reader-sdk: 01ed3e8627be434c7e3eccb40b80965e8f3cfca3

PODFILE CHECKSUM: a239ee52cdd51a9a0b252bf43d2e30f83bcedfef

COCOAPODS: 1.7.1
