
Microsoft Visual Studio Solution File, Format Version 12.00
# Visual Studio Version 16
VisualStudioVersion = 16.0.29215.179
MinimumVisualStudioVersion = 10.0.40219.1
Project("{FAE04EC0-301F-11D3-BF4B-00C04F79EFBC}") = "QuickstartSampleWebApp", "QuickstartSampleWebApp.csproj", "{8A41B9CF-55E1-43A6-A4B7-914BDB681F19}"
EndProject
Global
	GlobalSection(SolutionConfigurationPlatforms) = preSolution
		Debug|Any CPU = Debug|Any CPU
		Release|Any CPU = Release|Any CPU
	EndGlobalSection
	GlobalSection(ProjectConfigurationPlatforms) = postSolution
		{8A41B9CF-55E1-43A6-A4B7-914BDB681F19}.Debug|Any CPU.ActiveCfg = Debug|Any CPU
		{8A41B9CF-55E1-43A6-A4B7-914BDB681F19}.Debug|Any CPU.Build.0 = Debug|Any CPU
		{8A41B9CF-55E1-43A6-A4B7-914BDB681F19}.Release|Any CPU.ActiveCfg = Release|Any CPU
		{8A41B9CF-55E1-43A6-A4B7-914BDB681F19}.Release|Any CPU.Build.0 = Release|Any CPU
	EndGlobalSection
	GlobalSection(SolutionProperties) = preSolution
		HideSolutionNode = FALSE
	EndGlobalSection
	GlobalSection(ExtensibilityGlobals) = postSolution
		SolutionGuid = {63B7C98D-E742-447E-B757-28F047A03F85}
	EndGlobalSection
EndGlobal
